
Microsoft Visual Studio Solution File, Format Version 12.00
# Visual Studio Version 16
VisualStudioVersion = 16.0.30204.135
MinimumVisualStudioVersion = 10.0.40219.1
Project("{FAE04EC0-301F-11D3-BF4B-00C04F79EFBC}") = "TeredoTool", "TeredoTool.csproj", "{F83B39D7-8406-482C-AB1C-EA0E9D058547}"
EndProject
Global
	GlobalSection(SolutionConfigurationPlatforms) = preSolution
		Debug|Any CPU = Debug|Any CPU
		Release|Any CPU = Release|Any CPU
	EndGlobalSection
	GlobalSection(ProjectConfigurationPlatforms) = postSolution
		{F83B39D7-8406-482C-AB1C-EA0E9D058547}.Debug|Any CPU.ActiveCfg = Debug|Any CPU
		{F83B39D7-8406-482C-AB1C-EA0E9D058547}.Debug|Any CPU.Build.0 = Debug|Any CPU
		{F83B39D7-8406-482C-AB1C-EA0E9D058547}.Release|Any CPU.ActiveCfg = Release|Any CPU
		{F83B39D7-8406-482C-AB1C-EA0E9D058547}.Release|Any CPU.Build.0 = Release|Any CPU
	EndGlobalSection
	GlobalSection(SolutionProperties) = preSolution
		HideSolutionNode = FALSE
	EndGlobalSection
	GlobalSection(ExtensibilityGlobals) = postSolution
		SolutionGuid = {8E89D189-EC1B-4BBA-BDBF-0700A7A697B1}
	EndGlobalSection
EndGlobal
